// !$*UTF8*$!
{
	archiveVersion = 1;
	classes = {
	};
	objectVersion = 77;
	objects = {

/* Begin PBXContainerItemProxy section */
		97C045222D033399005C80F0 /* PBXContainerItemProxy */ = {
			isa = PBXContainerItemProxy;
			containerPortal = 97C045032D033397005C80F0 /* Project object */;
			proxyType = 1;
			remoteGlobalIDString = 97C0450A2D033397005C80F0;
			remoteInfo = myFirstCardApp;
		};
		97C0452C2D033399005C80F0 /* PBXContainerItemProxy */ = {
			isa = PBXContainerItemProxy;
			containerPortal = 97C045032D033397005C80F0 /* Project object */;
			proxyType = 1;
			remoteGlobalIDString = 97C0450A2D033397005C80F0;
			remoteInfo = myFirstCardApp;
		};
/* End PBXContainerItemProxy section */

/* Begin PBXFileReference section */
		97C0450B2D033397005C80F0 /* myFirstCardApp.app */ = {isa = PBXFileReference; explicitFileType = wrapper.application; includeInIndex = 0; path = myFirstCardApp.app; sourceTree = BUILT_PRODUCTS_DIR; };
		97C045212D033399005C80F0 /* myFirstCardAppTests.xctest */ = {isa = PBXFileReference; explicitFileType = wrapper.cfbundle; includeInIndex = 0; path = myFirstCardAppTests.xctest; sourceTree = BUILT_PRODUCTS_DIR; };
		97C0452B2D033399005C80F0 /* myFirstCardAppUITests.xctest */ = {isa = PBXFileReference; explicitFileType = wrapper.cfbundle; includeInIndex = 0; path = myFirstCardAppUITests.xctest; sourceTree = BUILT_PRODUCTS_DIR; };
/* End PBXFileReference section */

/* Begin PBXFileSystemSynchronizedBuildFileExceptionSet section */
		97C045332D033399005C80F0 /* Exceptions for "myFirstCardApp" folder in "myFirstCardApp" target */ = {
			isa = PBXFileSystemSynchronizedBuildFileExceptionSet;
			membershipExceptions = (
				Info.plist,
			);
			target = 97C0450A2D033397005C80F0 /* myFirstCardApp */;
		};
/* End PBXFileSystemSynchronizedBuildFileExceptionSet section */

/* Begin PBXFileSystemSynchronizedRootGroup section */
		97C0450D2D033397005C80F0 /* myFirstCardApp */ = {
			isa = PBXFileSystemSynchronizedRootGroup;
			exceptions = (
				97C045332D033399005C80F0 /* Exceptions for "myFirstCardApp" folder in "myFirstCardApp" target */,
			);
			path = myFirstCardApp;
			sourceTree = "<group>";
		};
		97C045242D033399005C80F0 /* myFirstCardAppTests */ = {
			isa = PBXFileSystemSynchronizedRootGroup;
			path = myFirstCardAppTests;
			sourceTree = "<group>";
		};
		97C0452E2D033399005C80F0 /* myFirstCardAppUITests */ = {
			isa = PBXFileSystemSynchronizedRootGroup;
			path = myFirstCardAppUITests;
			sourceTree = "<group>";
		};
/* End PBXFileSystemSynchronizedRootGroup section */

/* Begin PBXFrameworksBuildPhase section */
		97C045082D033397005C80F0 /* Frameworks */ = {
			isa = PBXFrameworksBuildPhase;
			buildActionMask = 2147483647;
			files = (
			);
			runOnlyForDeploymentPostprocessing = 0;
		};
		97C0451E2D033399005C80F0 /* Frameworks */ = {
			isa = PBXFrameworksBuildPhase;
			buildActionMask = 2147483647;
			files = (
			);
			runOnlyForDeploymentPostprocessing = 0;
		};
		97C045282D033399005C80F0 /* Frameworks */ = {
			isa = PBXFrameworksBuildPhase;
			buildActionMask = 2147483647;
			files = (
			);
			runOnlyForDeploymentPostprocessing = 0;
		};
/* End PBXFrameworksBuildPhase section */

/* Begin PBXGroup section */
		97C045022D033397005C80F0 = {
			isa = PBXGroup;
			children = (
				97C0450D2D033397005C80F0 /* myFirstCardApp */,
				97C045242D033399005C80F0 /* myFirstCardAppTests */,
				97C0452E2D033399005C80F0 /* myFirstCardAppUITests */,
				97C0450C2D033397005C80F0 /* Products */,
			);
			sourceTree = "<group>";
		};
		97C0450C2D033397005C80F0 /* Products */ = {
			isa = PBXGroup;
			children = (
				97C0450B2D033397005C80F0 /* myFirstCardApp.app */,
				97C045212D033399005C80F0 /* myFirstCardAppTests.xctest */,
				97C0452B2D033399005C80F0 /* myFirstCardAppUITests.xctest */,
			);
			name = Products;
			sourceTree = "<group>";
		};
/* End PBXGroup section */

/* Begin PBXNativeTarget section */
		97C0450A2D033397005C80F0 /* myFirstCardApp */ = {
			isa = PBXNativeTarget;
			buildConfigurationList = 97C045342D033399005C80F0 /* Build configuration list for PBXNativeTarget "myFirstCardApp" */;
			buildPhases = (
				97C045072D033397005C80F0 /* Sources */,
				97C045082D033397005C80F0 /* Frameworks */,
				97C045092D033397005C80F0 /* Resources */,
			);
			buildRules = (
			);
			dependencies = (
			);
			fileSystemSynchronizedGroups = (
				97C0450D2D033397005C80F0 /* myFirstCardApp */,
			);
			name = myFirstCardApp;
			packageProductDependencies = (
			);
			productName = myFirstCardApp;
			productReference = 97C0450B2D033397005C80F0 /* myFirstCardApp.app */;
			productType = "com.apple.product-type.application";
		};
		97C045202D033399005C80F0 /* myFirstCardAppTests */ = {
			isa = PBXNativeTarget;
			buildConfigurationList = 97C045392D033399005C80F0 /* Build configuration list for PBXNativeTarget "myFirstCardAppTests" */;
			buildPhases = (
				97C0451D2D033399005C80F0 /* Sources */,
				97C0451E2D033399005C80F0 /* Frameworks */,
				97C0451F2D033399005C80F0 /* Resources */,
			);
			buildRules = (
			);
			dependencies = (
				97C045232D033399005C80F0 /* PBXTargetDependency */,
			);
			fileSystemSynchronizedGroups = (
				97C045242D033399005C80F0 /* myFirstCardAppTests */,
			);
			name = myFirstCardAppTests;
			packageProductDependencies = (
			);
			productName = myFirstCardAppTests;
			productReference = 97C045212D033399005C80F0 /* myFirstCardAppTests.xctest */;
			productType = "com.apple.product-type.bundle.unit-test";
		};
		97C0452A2D033399005C80F0 /* myFirstCardAppUITests */ = {
			isa = PBXNativeTarget;
			buildConfigurationList = 97C0453C2D033399005C80F0 /* Build configuration list for PBXNativeTarget "myFirstCardAppUITests" */;
			buildPhases = (
				97C045272D033399005C80F0 /* Sources */,
				97C045282D033399005C80F0 /* Frameworks */,
				97C045292D033399005C80F0 /* Resources */,
			);
			buildRules = (
			);
			dependencies = (
				97C0452D2D033399005C80F0 /* PBXTargetDependency */,
			);
			fileSystemSynchronizedGroups = (
				97C0452E2D033399005C80F0 /* myFirstCardAppUITests */,
			);
			name = myFirstCardAppUITests;
			packageProductDependencies = (
			);
			productName = myFirstCardAppUITests;
			productReference = 97C0452B2D033399005C80F0 /* myFirstCardAppUITests.xctest */;
			productType = "com.apple.product-type.bundle.ui-testing";
		};
/* End PBXNativeTarget section */

/* Begin PBXProject section */
		97C045032D033397005C80F0 /* Project object */ = {
			isa = PBXProject;
			attributes = {
				BuildIndependentTargetsInParallel = 1;
				LastSwiftUpdateCheck = 1610;
				LastUpgradeCheck = 1610;
				TargetAttributes = {
					97C0450A2D033397005C80F0 = {
						CreatedOnToolsVersion = 16.1;
					};
					97C045202D033399005C80F0 = {
						CreatedOnToolsVersion = 16.1;
						TestTargetID = 97C0450A2D033397005C80F0;
					};
					97C0452A2D033399005C80F0 = {
						CreatedOnToolsVersion = 16.1;
						TestTargetID = 97C0450A2D033397005C80F0;
					};
				};
			};
			buildConfigurationList = 97C045062D033397005C80F0 /* Build configuration list for PBXProject "myFirstCardApp" */;
			developmentRegion = en;
			hasScannedForEncodings = 0;
			knownRegions = (
				en,
				Base,
			);
			mainGroup = 97C045022D033397005C80F0;
			minimizedProjectReferenceProxies = 1;
			preferredProjectObjectVersion = 77;
			productRefGroup = 97C0450C2D033397005C80F0 /* Products */;
			projectDirPath = "";
			projectRoot = "";
			targets = (
				97C0450A2D033397005C80F0 /* myFirstCardApp */,
				97C045202D033399005C80F0 /* myFirstCardAppTests */,
				97C0452A2D033399005C80F0 /* myFirstCardAppUITests */,
			);
		};
/* End PBXProject section */

/* Begin PBXResourcesBuildPhase section */
		97C045092D033397005C80F0 /* Resources */ = {
			isa = PBXResourcesBuildPhase;
			buildActionMask = 2147483647;
			files = (
			);
			runOnlyForDeploymentPostprocessing = 0;
		};
		97C0451F2D033399005C80F0 /* Resources */ = {
			isa = PBXResourcesBuildPhase;
			buildActionMask = 2147483647;
			files = (
			);
			runOnlyForDeploymentPostprocessing = 0;
		};
		97C045292D033399005C80F0 /* Resources */ = {
			isa = PBXResourcesBuildPhase;
			buildActionMask = 2147483647;
			files = (
			);
			runOnlyForDeploymentPostprocessing = 0;
		};
/* End PBXResourcesBuildPhase section */

/* Begin PBXSourcesBuildPhase section */
		97C045072D033397005C80F0 /* Sources */ = {
			isa = PBXSourcesBuildPhase;
			buildActionMask = 2147483647;
			files = (
			);
			runOnlyForDeploymentPostprocessing = 0;
		};
		97C0451D2D033399005C80F0 /* Sources */ = {
			isa = PBXSourcesBuildPhase;
			buildActionMask = 2147483647;
			files = (
			);
			runOnlyForDeploymentPostprocessing = 0;
		};
		97C045272D033399005C80F0 /* Sources */ = {
			isa = PBXSourcesBuildPhase;
			buildActionMask = 2147483647;
			files = (
			);
			runOnlyForDeploymentPostprocessing = 0;
		};
/* End PBXSourcesBuildPhase section */

/* Begin PBXTargetDependency section */
		97C045232D033399005C80F0 /* PBXTargetDependency */ = {
			isa = PBXTargetDependency;
			target = 97C0450A2D033397005C80F0 /* myFirstCardApp */;
			targetProxy = 97C045222D033399005C80F0 /* PBXContainerItemProxy */;
		};
		97C0452D2D033399005C80F0 /* PBXTargetDependency */ = {
			isa = PBXTargetDependency;
			target = 97C0450A2D033397005C80F0 /* myFirstCardApp */;
			targetProxy = 97C0452C2D033399005C80F0 /* PBXContainerItemProxy */;
		};
/* End PBXTargetDependency section */

/* Begin XCBuildConfiguration section */
		97C045352D033399005C80F0 /* Debug */ = {
			isa = XCBuildConfiguration;
			buildSettings = {
				ASSETCATALOG_COMPILER_APPICON_NAME = AppIcon;
				ASSETCATALOG_COMPILER_GLOBAL_ACCENT_COLOR_NAME = AccentColor;
				CODE_SIGN_STYLE = Automatic;
				CURRENT_PROJECT_VERSION = 1;
				GENERATE_INFOPLIST_FILE = YES;
				INFOPLIST_FILE = myFirstCardApp/Info.plist;
				INFOPLIST_KEY_UIApplicationSupportsIndirectInputEvents = YES;
				INFOPLIST_KEY_UILaunchStoryboardName = LaunchScreen;
				INFOPLIST_KEY_UIMainStoryboardFile = Main;
				INFOPLIST_KEY_UISupportedInterfaceOrientations_iPad = "UIInterfaceOrientationPortrait UIInterfaceOrientationPortraitUpsideDown UIInterfaceOrientationLandscapeLeft UIInterfaceOrientationLandscapeRight";
				INFOPLIST_KEY_UISupportedInterfaceOrientations_iPhone = "UIInterfaceOrientationPortrait UIInterfaceOrientationLandscapeLeft UIInterfaceOrientationLandscapeRight";
				LD_RUNPATH_SEARCH_PATHS = (
					"$(inherited)",
					"@executable_path/Frameworks",
				);
				MARKETING_VERSION = 1.0;
				PRODUCT_BUNDLE_IDENTIFIER = k2216408.myFirstCardApp;
				PRODUCT_NAME = "$(TARGET_NAME)";
				SWIFT_EMIT_LOC_STRINGS = YES;
				SWIFT_VERSION = 5.0;
				TARGETED_DEVICE_FAMILY = "1,2";
			};
			name = Debug;
		};
		97C045362D033399005C80F0 /* Release */ = {
			isa = XCBuildConfiguration;
			buildSettings = {
				ASSETCATALOG_COMPILER_APPICON_NAME = AppIcon;
				ASSETCATALOG_COMPILER_GLOBAL_ACCENT_COLOR_NAME = AccentColor;
				CODE_SIGN_STYLE = Automatic;
				CURRENT_PROJECT_VERSION = 1;
				GENERATE_INFOPLIST_FILE = YES;
				INFOPLIST_FILE = myFirstCardApp/Info.plist;
				INFOPLIST_KEY_UIApplicationSupportsIndirectInputEvents = YES;
				INFOPLIST_KEY_UILaunchStoryboardName = LaunchScreen;
				INFOPLIST_KEY_UIMainStoryboardFile = Main;
				INFOPLIST_KEY_UISupportedInterfaceOrientations_iPad = "UIInterfaceOrientationPortrait UIInterfaceOrientationPortraitUpsideDown UIInterfaceOrientationLandscapeLeft UIInterfaceOrientationLandscapeRight";
				INFOPLIST_KEY_UISupportedInterfaceOrientations_iPhone = "UIInterfaceOrientationPortrait UIInterfaceOrientationLandscapeLeft UIInterfaceOrientationLandscapeRight";
				LD_RUNPATH_SEARCH_PATHS = (
					"$(inherited)",
					"@executable_path/Frameworks",
				);
				MARKETING_VERSION = 1.0;
				PRODUCT_BUNDLE_IDENTIFIER = k2216408.myFirstCardApp;
				PRODUCT_NAME = "$(TARGET_NAME)";
				SWIFT_EMIT_LOC_STRINGS = YES;
				SWIFT_VERSION = 5.0;
				TARGETED_DEVICE_FAMILY = "1,2";
			};
			name = Release;
		};
		97C045372D033399005C80F0 /* Debug */ = {
			isa = XCBuildConfiguration;
			buildSettings = {
				ALWAYS_SEARCH_USER_PATHS = NO;
				ASSETCATALOG_COMPILER_GENERATE_SWIFT_ASSET_SYMBOL_EXTENSIONS = YES;
				CLANG_ANALYZER_NONNULL = YES;
				CLANG_ANALYZER_NUMBER_OBJECT_CONVERSION = YES_AGGRESSIVE;
				CLANG_CXX_LANGUAGE_STANDARD = "gnu++20";
				CLANG_ENABLE_MODULES = YES;
				CLANG_ENABLE_OBJC_ARC = YES;
				CLANG_ENABLE_OBJC_WEAK = YES;
				CLANG_WARN_BLOCK_CAPTURE_AUTORELEASING = YES;
				CLANG_WARN_BOOL_CONVERSION = YES;
				CLANG_WARN_COMMA = YES;
				CLANG_WARN_CONSTANT_CONVERSION = YES;
				CLANG_WARN_DEPRECATED_OBJC_IMPLEMENTATIONS = YES;
				CLANG_WARN_DIRECT_OBJC_ISA_USAGE = YES_ERROR;
				CLANG_WARN_DOCUMENTATION_COMMENTS = YES;
				CLANG_WARN_EMPTY_BODY = YES;
				CLANG_WARN_ENUM_CONVERSION = YES;
				CLANG_WARN_INFINITE_RECURSION = YES;
				CLANG_WARN_INT_CONVERSION = YES;
				CLANG_WARN_NON_LITERAL_NULL_CONVERSION = YES;
				CLANG_WARN_OBJC_IMPLICIT_RETAIN_SELF = YES;
				CLANG_WARN_OBJC_LITERAL_CONVERSION = YES;
				CLANG_WARN_OBJC_ROOT_CLASS = YES_ERROR;
				CLANG_WARN_QUOTED_INCLUDE_IN_FRAMEWORK_HEADER = YES;
				CLANG_WARN_RANGE_LOOP_ANALYSIS = YES;
				CLANG_WARN_STRICT_PROTOTYPES = YES;
				CLANG_WARN_SUSPICIOUS_MOVE = YES;
				CLANG_WARN_UNGUARDED_AVAILABILITY = YES_AGGRESSIVE;
				CLANG_WARN_UNREACHABLE_CODE = YES;
				CLANG_WARN__DUPLICATE_METHOD_MATCH = YES;
				COPY_PHASE_STRIP = NO;
				DEBUG_INFORMATION_FORMAT = dwarf;
				ENABLE_STRICT_OBJC_MSGSEND = YES;
				ENABLE_TESTABILITY = YES;
				ENABLE_USER_SCRIPT_SANDBOXING = YES;
				GCC_C_LANGUAGE_STANDARD = gnu17;
				GCC_DYNAMIC_NO_PIC = NO;
				GCC_NO_COMMON_BLOCKS = YES;
				GCC_OPTIMIZATION_LEVEL = 0;
				GCC_PREPROCESSOR_DEFINITIONS = (
					"DEBUG=1",
					"$(inherited)",
				);
				GCC_WARN_64_TO_32_BIT_CONVERSION = YES;
				GCC_WARN_ABOUT_RETURN_TYPE = YES_ERROR;
				GCC_WARN_UNDECLARED_SELECTOR = YES;
				GCC_WARN_UNINITIALIZED_AUTOS = YES_AGGRESSIVE;
				GCC_WARN_UNUSED_FUNCTION = YES;
				GCC_WARN_UNUSED_VARIABLE = YES;
				IPHONEOS_DEPLOYMENT_TARGET = 18.1;
				LOCALIZATION_PREFERS_STRING_CATALOGS = YES;
				MTL_ENABLE_DEBUG_INFO = INCLUDE_SOURCE;
				MTL_FAST_MATH = YES;
				ONLY_ACTIVE_ARCH = YES;
				SDKROOT = iphoneos;
				SWIFT_ACTIVE_COMPILATION_CONDITIONS = "DEBUG $(inherited)";
				SWIFT_OPTIMIZATION_LEVEL = "-Onone";
			};
			name = Debug;
		};
		97C045382D033399005C80F0 /* Release */ = {
			isa = XCBuildConfiguration;
			buildSettings = {
				ALWAYS_SEARCH_USER_PATHS = NO;
				ASSETCATALOG_COMPILER_GENERATE_SWIFT_ASSET_SYMBOL_EXTENSIONS = YES;
				CLANG_ANALYZER_NONNULL = YES;
				CLANG_ANALYZER_NUMBER_OBJECT_CONVERSION = YES_AGGRESSIVE;
				CLANG_CXX_LANGUAGE_STANDARD = "gnu++20";
				CLANG_ENABLE_MODULES = YES;
				CLANG_ENABLE_OBJC_ARC = YES;
				CLANG_ENABLE_OBJC_WEAK = YES;
				CLANG_WARN_BLOCK_CAPTURE_AUTORELEASING = YES;
				CLANG_WARN_BOOL_CONVERSION = YES;
				CLANG_WARN_COMMA = YES;
				CLANG_WARN_CONSTANT_CONVERSION = YES;
				CLANG_WARN_DEPRECATED_OBJC_IMPLEMENTATIONS = YES;
				CLANG_WARN_DIRECT_OBJC_ISA_USAGE = YES_ERROR;
				CLANG_WARN_DOCUMENTATION_COMMENTS = YES;
				CLANG_WARN_EMPTY_BODY = YES;
				CLANG_WARN_ENUM_CONVERSION = YES;
				CLANG_WARN_INFINITE_RECURSION = YES;
				CLANG_WARN_INT_CONVERSION = YES;
				CLANG_WARN_NON_LITERAL_NULL_CONVERSION = YES;
				CLANG_WARN_OBJC_IMPLICIT_RETAIN_SELF = YES;
				CLANG_WARN_OBJC_LITERAL_CONVERSION = YES;
				CLANG_WARN_OBJC_ROOT_CLASS = YES_ERROR;
				CLANG_WARN_QUOTED_INCLUDE_IN_FRAMEWORK_HEADER = YES;
				CLANG_WARN_RANGE_LOOP_ANALYSIS = YES;
				CLANG_WARN_STRICT_PROTOTYPES = YES;
				CLANG_WARN_SUSPICIOUS_MOVE = YES;
				CLANG_WARN_UNGUARDED_AVAILABILITY = YES_AGGRESSIVE;
				CLANG_WARN_UNREACHABLE_CODE = YES;
				CLANG_WARN__DUPLICATE_METHOD_MATCH = YES;
				COPY_PHASE_STRIP = NO;
				DEBUG_INFORMATION_FORMAT = "dwarf-with-dsym";
				ENABLE_NS_ASSERTIONS = NO;
				ENABLE_STRICT_OBJC_MSGSEND = YES;
				ENABLE_USER_SCRIPT_SANDBOXING = YES;
				GCC_C_LANGUAGE_STANDARD = gnu17;
				GCC_NO_COMMON_BLOCKS = YES;
				GCC_WARN_64_TO_32_BIT_CONVERSION = YES;
				GCC_WARN_ABOUT_RETURN_TYPE = YES_ERROR;
				GCC_WARN_UNDECLARED_SELECTOR = YES;
				GCC_WARN_UNINITIALIZED_AUTOS = YES_AGGRESSIVE;
				GCC_WARN_UNUSED_FUNCTION = YES;
				GCC_WARN_UNUSED_VARIABLE = YES;
				IPHONEOS_DEPLOYMENT_TARGET = 18.1;
				LOCALIZATION_PREFERS_STRING_CATALOGS = YES;
				MTL_ENABLE_DEBUG_INFO = NO;
				MTL_FAST_MATH = YES;
				SDKROOT = iphoneos;
				SWIFT_COMPILATION_MODE = wholemodule;
				VALIDATE_PRODUCT = YES;
			};
			name = Release;
		};
		97C0453A2D033399005C80F0 /* Debug */ = {
			isa = XCBuildConfiguration;
			buildSettings = {
				BUNDLE_LOADER = "$(TEST_HOST)";
				CODE_SIGN_STYLE = Automatic;
				CURRENT_PROJECT_VERSION = 1;
				GENERATE_INFOPLIST_FILE = YES;
				IPHONEOS_DEPLOYMENT_TARGET = 18.1;
				MARKETING_VERSION = 1.0;
				PRODUCT_BUNDLE_IDENTIFIER = k2216408.myFirstCardAppTests;
				PRODUCT_NAME = "$(TARGET_NAME)";
				SWIFT_EMIT_LOC_STRINGS = NO;
				SWIFT_VERSION = 5.0;
				TARGETED_DEVICE_FAMILY = "1,2";
				TEST_HOST = "$(BUILT_PRODUCTS_DIR)/myFirstCardApp.app/$(BUNDLE_EXECUTABLE_FOLDER_PATH)/myFirstCardApp";
			};
			name = Debug;
		};
		97C0453B2D033399005C80F0 /* Release */ = {
			isa = XCBuildConfiguration;
			buildSettings = {
				BUNDLE_LOADER = "$(TEST_HOST)";
				CODE_SIGN_STYLE = Automatic;
				CURRENT_PROJECT_VERSION = 1;
				GENERATE_INFOPLIST_FILE = YES;
				IPHONEOS_DEPLOYMENT_TARGET = 18.1;
				MARKETING_VERSION = 1.0;
				PRODUCT_BUNDLE_IDENTIFIER = k2216408.myFirstCardAppTests;
				PRODUCT_NAME = "$(TARGET_NAME)";
				SWIFT_EMIT_LOC_STRINGS = NO;
				SWIFT_VERSION = 5.0;
				TARGETED_DEVICE_FAMILY = "1,2";
				TEST_HOST = "$(BUILT_PRODUCTS_DIR)/myFirstCardApp.app/$(BUNDLE_EXECUTABLE_FOLDER_PATH)/myFirstCardApp";
			};
			name = Release;
		};
		97C0453D2D033399005C80F0 /* Debug */ = {
			isa = XCBuildConfiguration;
			buildSettings = {
				CODE_SIGN_STYLE = Automatic;
				CURRENT_PROJECT_VERSION = 1;
				GENERATE_INFOPLIST_FILE = YES;
				MARKETING_VERSION = 1.0;
				PRODUCT_BUNDLE_IDENTIFIER = k2216408.myFirstCardAppUITests;
				PRODUCT_NAME = "$(TARGET_NAME)";
				SWIFT_EMIT_LOC_STRINGS = NO;
				SWIFT_VERSION = 5.0;
				TARGETED_DEVICE_FAMILY = "1,2";
				TEST_TARGET_NAME = myFirstCardApp;
			};
			name = Debug;
		};
		97C0453E2D033399005C80F0 /* Release */ = {
			isa = XCBuildConfiguration;
			buildSettings = {
				CODE_SIGN_STYLE = Automatic;
				CURRENT_PROJECT_VERSION = 1;
				GENERATE_INFOPLIST_FILE = YES;
				MARKETING_VERSION = 1.0;
				PRODUCT_BUNDLE_IDENTIFIER = k2216408.myFirstCardAppUITests;
				PRODUCT_NAME = "$(TARGET_NAME)";
				SWIFT_EMIT_LOC_STRINGS = NO;
				SWIFT_VERSION = 5.0;
				TARGETED_DEVICE_FAMILY = "1,2";
				TEST_TARGET_NAME = myFirstCardApp;
			};
			name = Release;
		};
/* End XCBuildConfiguration section */

/* Begin XCConfigurationList section */
		97C045062D033397005C80F0 /* Build configuration list for PBXProject "myFirstCardApp" */ = {
			isa = XCConfigurationList;
			buildConfigurations = (
				97C045372D033399005C80F0 /* Debug */,
				97C045382D033399005C80F0 /* Release */,
			);
			defaultConfigurationIsVisible = 0;
			defaultConfigurationName = Release;
		};
		97C045342D033399005C80F0 /* Build configuration list for PBXNativeTarget "myFirstCardApp" */ = {
			isa = XCConfigurationList;
			buildConfigurations = (
				97C045352D033399005C80F0 /* Debug */,
				97C045362D033399005C80F0 /* Release */,
			);
			defaultConfigurationIsVisible = 0;
			defaultConfigurationName = Release;
		};
		97C045392D033399005C80F0 /* Build configuration list for PBXNativeTarget "myFirstCardAppTests" */ = {
			isa = XCConfigurationList;
			buildConfigurations = (
				97C0453A2D033399005C80F0 /* Debug */,
				97C0453B2D033399005C80F0 /* Release */,
			);
			defaultConfigurationIsVisible = 0;
			defaultConfigurationName = Release;
		};
		97C0453C2D033399005C80F0 /* Build configuration list for PBXNativeTarget "myFirstCardAppUITests" */ = {
			isa = XCConfigurationList;
			buildConfigurations = (
				97C0453D2D033399005C80F0 /* Debug */,
				97C0453E2D033399005C80F0 /* Release */,
			);
			defaultConfigurationIsVisible = 0;
			defaultConfigurationName = Release;
		};
/* End XCConfigurationList section */
	};
	rootObject = 97C045032D033397005C80F0 /* Project object */;
}
